
Microsoft Visual Studio Solution File, Format Version 12.00
# Visual Studio Version 16
VisualStudioVersion = 16.0.33214.272
MinimumVisualStudioVersion = 10.0.40219.1
Project("{FAE04EC0-301F-11D3-BF4B-00C04F79EFBC}") = "anothertry", "anothertry\anothertry.csproj", "{9C354EF0-DC8D-4014-AD80-C6445D80D481}"
EndProject
Global
	GlobalSection(SolutionConfigurationPlatforms) = preSolution
		Debug|Any CPU = Debug|Any CPU
		Release|Any CPU = Release|Any CPU
	EndGlobalSection
	GlobalSection(ProjectConfigurationPlatforms) = postSolution
		{9C354EF0-DC8D-4014-AD80-C6445D80D481}.Debug|Any CPU.ActiveCfg = Debug|Any CPU
		{9C354EF0-DC8D-4014-AD80-C6445D80D481}.Debug|Any CPU.Build.0 = Debug|Any CPU
		{9C354EF0-DC8D-4014-AD80-C6445D80D481}.Release|Any CPU.ActiveCfg = Release|Any CPU
		{9C354EF0-DC8D-4014-AD80-C6445D80D481}.Release|Any CPU.Build.0 = Release|Any CPU
	EndGlobalSection
	GlobalSection(SolutionProperties) = preSolution
		HideSolutionNode = FALSE
	EndGlobalSection
	GlobalSection(ExtensibilityGlobals) = postSolution
		SolutionGuid = {16AF27E3-20AA-4418-9CFF-3D11EDFF3B5A}
	EndGlobalSection
EndGlobal
